
Microsoft Visual Studio Solution File, Format Version 12.00
# Visual Studio Version 17
VisualStudioVersion = 17.7.34018.315
MinimumVisualStudioVersion = 10.0.40219.1
Project("{FAE04EC0-301F-11D3-BF4B-00C04F79EFBC}") = "BTGit", "BTGit\BTGit.csproj", "{BF905282-C465-4194-998B-65AF37CF5BDB}"
EndProject
Global
	GlobalSection(SolutionConfigurationPlatforms) = preSolution
		Debug|Any CPU = Debug|Any CPU
		Release|Any CPU = Release|Any CPU
	EndGlobalSection
	GlobalSection(ProjectConfigurationPlatforms) = postSolution
		{BF905282-C465-4194-998B-65AF37CF5BDB}.Debug|Any CPU.ActiveCfg = Debug|Any CPU
		{BF905282-C465-4194-998B-65AF37CF5BDB}.Debug|Any CPU.Build.0 = Debug|Any CPU
		{BF905282-C465-4194-998B-65AF37CF5BDB}.Release|Any CPU.ActiveCfg = Release|Any CPU
		{BF905282-C465-4194-998B-65AF37CF5BDB}.Release|Any CPU.Build.0 = Release|Any CPU
	EndGlobalSection
	GlobalSection(SolutionProperties) = preSolution
		HideSolutionNode = FALSE
	EndGlobalSection
	GlobalSection(ExtensibilityGlobals) = postSolution
		SolutionGuid = {7C14D01D-A24B-40B1-811D-63BD2F774CBA}
	EndGlobalSection
EndGlobal
